
Microsoft Visual Studio Solution File, Format Version 12.00
# Visual Studio Version 16
VisualStudioVersion = 16.0.29102.190
MinimumVisualStudioVersion = 10.0.40219.1
Project("{FAE04EC0-301F-11D3-BF4B-00C04F79EFBC}") = "Order_Inventory_System", "Order_Inventory_System\Order_Inventory_System.csproj", "{63DB8E04-FBC2-4563-B890-C5DE5D4C2C88}"
EndProject
Global
	GlobalSection(SolutionConfigurationPlatforms) = preSolution
		Debug|Any CPU = Debug|Any CPU
		Release|Any CPU = Release|Any CPU
	EndGlobalSection
	GlobalSection(ProjectConfigurationPlatforms) = postSolution
		{63DB8E04-FBC2-4563-B890-C5DE5D4C2C88}.Debug|Any CPU.ActiveCfg = Debug|Any CPU
		{63DB8E04-FBC2-4563-B890-C5DE5D4C2C88}.Debug|Any CPU.Build.0 = Debug|Any CPU
		{63DB8E04-FBC2-4563-B890-C5DE5D4C2C88}.Release|Any CPU.ActiveCfg = Release|Any CPU
		{63DB8E04-FBC2-4563-B890-C5DE5D4C2C88}.Release|Any CPU.Build.0 = Release|Any CPU
	EndGlobalSection
	GlobalSection(SolutionProperties) = preSolution
		HideSolutionNode = FALSE
	EndGlobalSection
	GlobalSection(ExtensibilityGlobals) = postSolution
		SolutionGuid = {47B8F56A-0668-444D-AE24-9B060706A61B}
	EndGlobalSection
EndGlobal
